
Microsoft Visual Studio Solution File, Format Version 12.00
# Visual Studio 15
VisualStudioVersion = 15.0.27130.2010
MinimumVisualStudioVersion = 10.0.40219.1
Project("{FAE04EC0-301F-11D3-BF4B-00C04F79EFBC}") = "CreateDeviceIdentity", "CreateDeviceIdentity\CreateDeviceIdentity.csproj", "{608700CE-3090-4E8B-AC04-4A1C93DAB9A3}"
EndProject
Project("{FAE04EC0-301F-11D3-BF4B-00C04F79EFBC}") = "ReadDeviceToCloudMessages", "ReadDeviceToCloudMessages\ReadDeviceToCloudMessages.csproj", "{3F0D9715-54FF-4461-B977-FB504445B2CC}"
EndProject
Project("{FAE04EC0-301F-11D3-BF4B-00C04F79EFBC}") = "SimulatedDevice", "SimulatedDevice\SimulatedDevice.csproj", "{418172E6-C262-4E14-ABDE-D8F93AA0C45F}"
EndProject
Global
	GlobalSection(SolutionConfigurationPlatforms) = preSolution
		Debug|Any CPU = Debug|Any CPU
		Release|Any CPU = Release|Any CPU
	EndGlobalSection
	GlobalSection(ProjectConfigurationPlatforms) = postSolution
		{608700CE-3090-4E8B-AC04-4A1C93DAB9A3}.Debug|Any CPU.ActiveCfg = Debug|Any CPU
		{608700CE-3090-4E8B-AC04-4A1C93DAB9A3}.Debug|Any CPU.Build.0 = Debug|Any CPU
		{608700CE-3090-4E8B-AC04-4A1C93DAB9A3}.Release|Any CPU.ActiveCfg = Release|Any CPU
		{608700CE-3090-4E8B-AC04-4A1C93DAB9A3}.Release|Any CPU.Build.0 = Release|Any CPU
		{3F0D9715-54FF-4461-B977-FB504445B2CC}.Debug|Any CPU.ActiveCfg = Debug|Any CPU
		{3F0D9715-54FF-4461-B977-FB504445B2CC}.Debug|Any CPU.Build.0 = Debug|Any CPU
		{3F0D9715-54FF-4461-B977-FB504445B2CC}.Release|Any CPU.ActiveCfg = Release|Any CPU
		{3F0D9715-54FF-4461-B977-FB504445B2CC}.Release|Any CPU.Build.0 = Release|Any CPU
		{418172E6-C262-4E14-ABDE-D8F93AA0C45F}.Debug|Any CPU.ActiveCfg = Debug|Any CPU
		{418172E6-C262-4E14-ABDE-D8F93AA0C45F}.Debug|Any CPU.Build.0 = Debug|Any CPU
		{418172E6-C262-4E14-ABDE-D8F93AA0C45F}.Release|Any CPU.ActiveCfg = Release|Any CPU
		{418172E6-C262-4E14-ABDE-D8F93AA0C45F}.Release|Any CPU.Build.0 = Release|Any CPU
	EndGlobalSection
	GlobalSection(SolutionProperties) = preSolution
		HideSolutionNode = FALSE
	EndGlobalSection
	GlobalSection(ExtensibilityGlobals) = postSolution
		SolutionGuid = {63E15413-30B0-4153-864A-D50D2E97EDDA}
	EndGlobalSection
EndGlobal
